
Microsoft Visual Studio Solution File, Format Version 12.00
# Visual Studio 14
VisualStudioVersion = 14.0.25420.1
MinimumVisualStudioVersion = 10.0.40219.1
Project("{FAE04EC0-301F-11D3-BF4B-00C04F79EFBC}") = "StoreOfComputerDevice", "StoreOfComputerDevice\StoreOfComputerDevice.csproj", "{DC06948F-58CF-46A8-AFDB-171BC3FC71E3}"
EndProject
Project("{FAE04EC0-301F-11D3-BF4B-00C04F79EFBC}") = "Domain", "ClassLibrary1\Domain.csproj", "{A3A7578D-8305-4551-8190-F1A6E542DB94}"
EndProject
Project("{FAE04EC0-301F-11D3-BF4B-00C04F79EFBC}") = "Repozitory", "Repozitory\Repozitory.csproj", "{72F27FA3-9ED5-41FF-96E3-8C0B9E711281}"
EndProject
Global
	GlobalSection(SolutionConfigurationPlatforms) = preSolution
		Debug|Any CPU = Debug|Any CPU
		Release|Any CPU = Release|Any CPU
	EndGlobalSection
	GlobalSection(ProjectConfigurationPlatforms) = postSolution
		{DC06948F-58CF-46A8-AFDB-171BC3FC71E3}.Debug|Any CPU.ActiveCfg = Debug|Any CPU
		{DC06948F-58CF-46A8-AFDB-171BC3FC71E3}.Debug|Any CPU.Build.0 = Debug|Any CPU
		{DC06948F-58CF-46A8-AFDB-171BC3FC71E3}.Release|Any CPU.ActiveCfg = Release|Any CPU
		{DC06948F-58CF-46A8-AFDB-171BC3FC71E3}.Release|Any CPU.Build.0 = Release|Any CPU
		{A3A7578D-8305-4551-8190-F1A6E542DB94}.Debug|Any CPU.ActiveCfg = Debug|Any CPU
		{A3A7578D-8305-4551-8190-F1A6E542DB94}.Debug|Any CPU.Build.0 = Debug|Any CPU
		{A3A7578D-8305-4551-8190-F1A6E542DB94}.Release|Any CPU.ActiveCfg = Release|Any CPU
		{A3A7578D-8305-4551-8190-F1A6E542DB94}.Release|Any CPU.Build.0 = Release|Any CPU
		{72F27FA3-9ED5-41FF-96E3-8C0B9E711281}.Debug|Any CPU.ActiveCfg = Debug|Any CPU
		{72F27FA3-9ED5-41FF-96E3-8C0B9E711281}.Debug|Any CPU.Build.0 = Debug|Any CPU
		{72F27FA3-9ED5-41FF-96E3-8C0B9E711281}.Release|Any CPU.ActiveCfg = Release|Any CPU
		{72F27FA3-9ED5-41FF-96E3-8C0B9E711281}.Release|Any CPU.Build.0 = Release|Any CPU
	EndGlobalSection
	GlobalSection(SolutionProperties) = preSolution
		HideSolutionNode = FALSE
	EndGlobalSection
EndGlobal
